
Microsoft Visual Studio Solution File, Format Version 12.00
# Visual Studio Version 17
VisualStudioVersion = 17.3.32922.545
MinimumVisualStudioVersion = 10.0.40219.1
Project("{9A19103F-16F7-4668-BE54-9A1E7A4F7556}") = "TheLastBug", "TheLastBug.csproj", "{EDCF8743-8B4E-4D84-A8CD-9F20128C8B05}"
EndProject
Project("{9A19103F-16F7-4668-BE54-9A1E7A4F7556}") = "TheLastBug.Business", "..\TheLastBug.Business\TheLastBug.Business.csproj", "{188D1C8F-D49C-42AE-85C1-5044D4DF67C1}"
EndProject
Project("{9A19103F-16F7-4668-BE54-9A1E7A4F7556}") = "TheLastBug.Domain", "..\TheLastBug.Domain\TheLastBug.Domain.csproj", "{EB6B5A8D-F2B4-4E63-8984-6B9360E7BFF0}"
EndProject
Global
	GlobalSection(SolutionConfigurationPlatforms) = preSolution
		Debug|Any CPU = Debug|Any CPU
		Release|Any CPU = Release|Any CPU
	EndGlobalSection
	GlobalSection(ProjectConfigurationPlatforms) = postSolution
		{EDCF8743-8B4E-4D84-A8CD-9F20128C8B05}.Debug|Any CPU.ActiveCfg = Debug|Any CPU
		{EDCF8743-8B4E-4D84-A8CD-9F20128C8B05}.Debug|Any CPU.Build.0 = Debug|Any CPU
		{EDCF8743-8B4E-4D84-A8CD-9F20128C8B05}.Release|Any CPU.ActiveCfg = Release|Any CPU
		{EDCF8743-8B4E-4D84-A8CD-9F20128C8B05}.Release|Any CPU.Build.0 = Release|Any CPU
		{188D1C8F-D49C-42AE-85C1-5044D4DF67C1}.Debug|Any CPU.ActiveCfg = Debug|Any CPU
		{188D1C8F-D49C-42AE-85C1-5044D4DF67C1}.Debug|Any CPU.Build.0 = Debug|Any CPU
		{188D1C8F-D49C-42AE-85C1-5044D4DF67C1}.Release|Any CPU.ActiveCfg = Release|Any CPU
		{188D1C8F-D49C-42AE-85C1-5044D4DF67C1}.Release|Any CPU.Build.0 = Release|Any CPU
		{EB6B5A8D-F2B4-4E63-8984-6B9360E7BFF0}.Debug|Any CPU.ActiveCfg = Debug|Any CPU
		{EB6B5A8D-F2B4-4E63-8984-6B9360E7BFF0}.Debug|Any CPU.Build.0 = Debug|Any CPU
		{EB6B5A8D-F2B4-4E63-8984-6B9360E7BFF0}.Release|Any CPU.ActiveCfg = Release|Any CPU
		{EB6B5A8D-F2B4-4E63-8984-6B9360E7BFF0}.Release|Any CPU.Build.0 = Release|Any CPU
	EndGlobalSection
	GlobalSection(SolutionProperties) = preSolution
		HideSolutionNode = FALSE
	EndGlobalSection
	GlobalSection(ExtensibilityGlobals) = postSolution
		SolutionGuid = {4480A253-1110-409B-B0DF-D16CFE07B6C2}
	EndGlobalSection
EndGlobal
